
Microsoft Visual Studio Solution File, Format Version 12.00
# Visual Studio Version 17
VisualStudioVersion = 17.5.33530.505
MinimumVisualStudioVersion = 10.0.40219.1
Project("{FAE04EC0-301F-11D3-BF4B-00C04F79EFBC}") = "Lex", "Lex\Lex.csproj", "{5D9BBF65-ACEC-4CFF-8A40-4D2EB12BA2A6}"
EndProject
Global
	GlobalSection(SolutionConfigurationPlatforms) = preSolution
		Debug|Any CPU = Debug|Any CPU
		Release|Any CPU = Release|Any CPU
	EndGlobalSection
	GlobalSection(ProjectConfigurationPlatforms) = postSolution
		{5D9BBF65-ACEC-4CFF-8A40-4D2EB12BA2A6}.Debug|Any CPU.ActiveCfg = Debug|Any CPU
		{5D9BBF65-ACEC-4CFF-8A40-4D2EB12BA2A6}.Debug|Any CPU.Build.0 = Debug|Any CPU
		{5D9BBF65-ACEC-4CFF-8A40-4D2EB12BA2A6}.Release|Any CPU.ActiveCfg = Release|Any CPU
		{5D9BBF65-ACEC-4CFF-8A40-4D2EB12BA2A6}.Release|Any CPU.Build.0 = Release|Any CPU
	EndGlobalSection
	GlobalSection(SolutionProperties) = preSolution
		HideSolutionNode = FALSE
	EndGlobalSection
	GlobalSection(ExtensibilityGlobals) = postSolution
		SolutionGuid = {57A1F226-2437-4ED5-BF53-8F5D3ADE7053}
	EndGlobalSection
EndGlobal
